{
  "name": "SimplyNote",
  "version": "0.0.0",
  "lockfileVersion": 3,
  "requires": true,
  "packages": {
    "": {
      "name": "SimplyNote",
      "version": "0.0.0",
      "dependencies": {
        "milligram": "^1.4.1",
        "remarkable": "^2.0.1"
      },
      "devDependencies": {
        "@tauri-apps/api": "^1.5.1",
        "@tauri-apps/cli": "^1.5.0"
      }
    },
    "node_modules/@tauri-apps/api": {
      "version": "1.5.1",
      "resolved": "https://registry.npmjs.org/@tauri-apps/api/-/api-1.5.1.tgz",
      "integrity": "sha512-6unsZDOdlXTmauU3NhWhn+Cx0rODV+rvNvTdvolE5Kls5ybA6cqndQENDt1+FS0tF7ozCP66jwWoH6a5h90BrA==",
      "dev": true,
      "engines": {
        "node": ">= 14.6.0",
        "npm": ">= 6.6.0",
        "yarn": ">= 1.19.1"
      },
      "funding": {
        "type": "opencollective",
        "url": "https://opencollective.com/tauri"
      }
    },
    "node_modules/@tauri-apps/cli": {
      "version": "1.5.6",
      "resolved": "https://registry.npmjs.org/@tauri-apps/cli/-/cli-1.5.6.tgz",
      "integrity": "sha512-k4Y19oVCnt7WZb2TnDzLqfs7o98Jq0tUoVMv+JQSzuRDJqaVu2xMBZ8dYplEn+EccdR5SOMyzaLBJWu38TVK1A==",
      "dev": true,
      "bin": {
        "tauri": "tauri.js"
      },
      "engines": {
        "node": ">= 10"
      },
      "funding": {
        "type": "opencollective",
        "url": "https://opencollective.com/tauri"
      },
      "optionalDependencies": {
        "@tauri-apps/cli-darwin-arm64": "1.5.6",
        "@tauri-apps/cli-darwin-x64": "1.5.6",
        "@tauri-apps/cli-linux-arm-gnueabihf": "1.5.6",
        "@tauri-apps/cli-linux-arm64-gnu": "1.5.6",
        "@tauri-apps/cli-linux-arm64-musl": "1.5.6",
        "@tauri-apps/cli-linux-x64-gnu": "1.5.6",
        "@tauri-apps/cli-linux-x64-musl": "1.5.6",
        "@tauri-apps/cli-win32-arm64-msvc": "1.5.6",
        "@tauri-apps/cli-win32-ia32-msvc": "1.5.6",
        "@tauri-apps/cli-win32-x64-msvc": "1.5.6"
      }
    },
    "node_modules/@tauri-apps/cli-darwin-arm64": {
      "version": "1.5.6",
      "resolved": "https://registry.npmjs.org/@tauri-apps/cli-darwin-arm64/-/cli-darwin-arm64-1.5.6.tgz",
      "integrity": "sha512-NNvG3XLtciCMsBahbDNUEvq184VZmOveTGOuy0So2R33b/6FDkuWaSgWZsR1mISpOuP034htQYW0VITCLelfqg==",
      "cpu": [
        "arm64"
      ],
      "dev": true,
      "optional": true,
      "os": [
        "darwin"
      ],
      "engines": {
        "node": ">= 10"
      }
    },
    "node_modules/@tauri-apps/cli-darwin-x64": {
      "version": "1.5.6",
      "resolved": "https://registry.npmjs.org/@tauri-apps/cli-darwin-x64/-/cli-darwin-x64-1.5.6.tgz",
      "integrity": "sha512-nkiqmtUQw3N1j4WoVjv81q6zWuZFhBLya/RNGUL94oafORloOZoSY0uTZJAoeieb3Y1YK0rCHSDl02MyV2Fi4A==",
      "cpu": [
        "x64"
      ],
      "dev": true,
      "optional": true,
      "os": [
        "darwin"
      ],
      "engines": {
        "node": ">= 10"
      }
    },
    "node_modules/@tauri-apps/cli-linux-arm-gnueabihf": {
      "version": "1.5.6",
      "resolved": "https://registry.npmjs.org/@tauri-apps/cli-linux-arm-gnueabihf/-/cli-linux-arm-gnueabihf-1.5.6.tgz",
      "integrity": "sha512-z6SPx+axZexmWXTIVPNs4Tg7FtvdJl9EKxYN6JPjOmDZcqA13iyqWBQal2DA/GMZ1Xqo3vyJf6EoEaKaliymPQ==",
      "cpu": [
        "arm"
      ],
      "dev": true,
      "optional": true,
      "os": [
        "linux"
      ],
      "engines": {
        "node": ">= 10"
      }
    },
    "node_modules/@tauri-apps/cli-linux-arm64-gnu": {
      "version": "1.5.6",
      "resolved": "https://registry.npmjs.org/@tauri-apps/cli-linux-arm64-gnu/-/cli-linux-arm64-gnu-1.5.6.tgz",
      "integrity": "sha512-QuQjMQmpsCbzBrmtQiG4uhnfAbdFx3nzm+9LtqjuZlurc12+Mj5MTgqQ3AOwQedH3f7C+KlvbqD2AdXpwTg7VA==",
      "cpu": [
        "arm64"
      ],
      "dev": true,
      "optional": true,
      "os": [
        "linux"
      ],
      "engines": {
        "node": ">= 10"
      }
    },
    "node_modules/@tauri-apps/cli-linux-arm64-musl": {
      "version": "1.5.6",
      "resolved": "https://registry.npmjs.org/@tauri-apps/cli-linux-arm64-musl/-/cli-linux-arm64-musl-1.5.6.tgz",
      "integrity": "sha512-8j5dH3odweFeom7bRGlfzDApWVOT4jIq8/214Wl+JeiNVehouIBo9lZGeghZBH3XKFRwEvU23i7sRVjuh2s8mg==",
      "cpu": [
        "arm64"
      ],
      "dev": true,
      "optional": true,
      "os": [
        "linux"
      ],
      "engines": {
        "node": ">= 10"
      }
    },
    "node_modules/@tauri-apps/cli-linux-x64-gnu": {
      "version": "1.5.6",
      "resolved": "https://registry.npmjs.org/@tauri-apps/cli-linux-x64-gnu/-/cli-linux-x64-gnu-1.5.6.tgz",
      "integrity": "sha512-gbFHYHfdEGW0ffk8SigDsoXks6USpilF6wR0nqB/JbWzbzFR/sBuLVNQlJl1RKNakyJHu+lsFxGy0fcTdoX8xA==",
      "cpu": [
        "x64"
      ],
      "dev": true,
      "optional": true,
      "os": [
        "linux"
      ],
      "engines": {
        "node": ">= 10"
      }
    },
    "node_modules/@tauri-apps/cli-linux-x64-musl": {
      "version": "1.5.6",
      "resolved": "https://registry.npmjs.org/@tauri-apps/cli-linux-x64-musl/-/cli-linux-x64-musl-1.5.6.tgz",
      "integrity": "sha512-9v688ogoLkeFYQNgqiSErfhTreLUd8B3prIBSYUt+x4+5Kcw91zWvIh+VSxL1n3KCGGsM7cuXhkGPaxwlEh1ug==",
      "cpu": [
        "x64"
      ],
      "dev": true,
      "optional": true,
      "os": [
        "linux"
      ],
      "engines": {
        "node": ">= 10"
      }
    },
    "node_modules/@tauri-apps/cli-win32-arm64-msvc": {
      "version": "1.5.6",
      "resolved": "https://registry.npmjs.org/@tauri-apps/cli-win32-arm64-msvc/-/cli-win32-arm64-msvc-1.5.6.tgz",
      "integrity": "sha512-DRNDXFNZb6y5IZrw+lhTTA9l4wbzO4TNRBAlHAiXUrH+pRFZ/ZJtv5WEuAj9ocVSahVw2NaK5Yaold4NPAxHog==",
      "cpu": [
        "arm64"
      ],
      "dev": true,
      "optional": true,
      "os": [
        "win32"
      ],
      "engines": {
        "node": ">= 10"
      }
    },
    "node_modules/@tauri-apps/cli-win32-ia32-msvc": {
      "version": "1.5.6",
      "resolved": "https://registry.npmjs.org/@tauri-apps/cli-win32-ia32-msvc/-/cli-win32-ia32-msvc-1.5.6.tgz",
      "integrity": "sha512-oUYKNR/IZjF4fsOzRpw0xesl2lOjhsQEyWlgbpT25T83EU113Xgck9UjtI7xemNI/OPCv1tPiaM1e7/ABdg5iA==",
      "cpu": [
        "ia32"
      ],
      "dev": true,
      "optional": true,
      "os": [
        "win32"
      ],
      "engines": {
        "node": ">= 10"
      }
    },
    "node_modules/@tauri-apps/cli-win32-x64-msvc": {
      "version": "1.5.6",
      "resolved": "https://registry.npmjs.org/@tauri-apps/cli-win32-x64-msvc/-/cli-win32-x64-msvc-1.5.6.tgz",
      "integrity": "sha512-RmEf1os9C8//uq2hbjXi7Vgz9ne7798ZxqemAZdUwo1pv3oLVZSz1/IvZmUHPdy2e6zSeySqWu1D0Y3QRNN+dg==",
      "cpu": [
        "x64"
      ],
      "dev": true,
      "optional": true,
      "os": [
        "win32"
      ],
      "engines": {
        "node": ">= 10"
      }
    },
    "node_modules/argparse": {
      "version": "1.0.10",
      "resolved": "https://registry.npmjs.org/argparse/-/argparse-1.0.10.tgz",
      "integrity": "sha512-o5Roy6tNG4SL/FOkCAN6RzjiakZS25RLYFrcMttJqbdd8BWrnA+fGz57iN5Pb06pvBGvl5gQ0B48dJlslXvoTg==",
      "dependencies": {
        "sprintf-js": "~1.0.2"
      }
    },
    "node_modules/autolinker": {
      "version": "3.16.2",
      "resolved": "https://registry.npmjs.org/autolinker/-/autolinker-3.16.2.tgz",
      "integrity": "sha512-JiYl7j2Z19F9NdTmirENSUUIIL/9MytEWtmzhfmsKPCp9E+G35Y0UNCMoM9tFigxT59qSc8Ml2dlZXOCVTYwuA==",
      "dependencies": {
        "tslib": "^2.3.0"
      }
    },
    "node_modules/milligram": {
      "version": "1.4.1",
      "resolved": "https://registry.npmjs.org/milligram/-/milligram-1.4.1.tgz",
      "integrity": "sha512-RCgh/boHhcXWOUfKJWm3RJRoUeaEguoipDg0mJ31G0tFfvcpWMUlO1Zlqqr12K4kAXfDlllaidu0x7PaL2PTFg==",
      "dependencies": {
        "normalize.css": "~8.0.1"
      }
    },
    "node_modules/normalize.css": {
      "version": "8.0.1",
      "resolved": "https://registry.npmjs.org/normalize.css/-/normalize.css-8.0.1.tgz",
      "integrity": "sha512-qizSNPO93t1YUuUhP22btGOo3chcvDFqFaj2TRybP0DMxkHOCTYwp3n34fel4a31ORXy4m1Xq0Gyqpb5m33qIg=="
    },
    "node_modules/remarkable": {
      "version": "2.0.1",
      "resolved": "https://registry.npmjs.org/remarkable/-/remarkable-2.0.1.tgz",
      "integrity": "sha512-YJyMcOH5lrR+kZdmB0aJJ4+93bEojRZ1HGDn9Eagu6ibg7aVZhc3OWbbShRid+Q5eAfsEqWxpe+g5W5nYNfNiA==",
      "dependencies": {
        "argparse": "^1.0.10",
        "autolinker": "^3.11.0"
      },
      "bin": {
        "remarkable": "bin/remarkable.js"
      },
      "engines": {
        "node": ">= 6.0.0"
      }
    },
    "node_modules/sprintf-js": {
      "version": "1.0.3",
      "resolved": "https://registry.npmjs.org/sprintf-js/-/sprintf-js-1.0.3.tgz",
      "integrity": "sha512-D9cPgkvLlV3t3IzL0D0YLvGA9Ahk4PcvVwUbN0dSGr1aP0Nrt4AEnTUbuGvquEC0mA64Gqt1fzirlRs5ibXx8g=="
    },
    "node_modules/tslib": {
      "version": "2.6.2",
      "resolved": "https://registry.npmjs.org/tslib/-/tslib-2.6.2.tgz",
      "integrity": "sha512-AEYxH93jGFPn/a2iVAwW87VuUIkR1FVUKB77NwMF7nBTDkDrrT/Hpt/IrCJ0QXhW27jTBDcf5ZY7w6RiqTMw2Q=="
    }
  }
}
